
Microsoft Visual Studio Solution File, Format Version 9.00
# Visual Studio 2005
Project("{8BC9CEB8-8B4A-11D0-8D11-00A0C91BC942}") = "luapb", "luapb.vcproj", "{6E6CCA53-B470-4A2D-9BD4-E42F5805A994}"
EndProject
Global
	GlobalSection(SolutionConfigurationPlatforms) = preSolution
		Debug|Win32 = Debug|Win32
		Release|Win32 = Release|Win32
	EndGlobalSection
	GlobalSection(ProjectConfigurationPlatforms) = postSolution
		{6E6CCA53-B470-4A2D-9BD4-E42F5805A994}.Debug|Win32.ActiveCfg = Debug|Win32
		{6E6CCA53-B470-4A2D-9BD4-E42F5805A994}.Debug|Win32.Build.0 = Debug|Win32
		{6E6CCA53-B470-4A2D-9BD4-E42F5805A994}.Release|Win32.ActiveCfg = Release|Win32
		{6E6CCA53-B470-4A2D-9BD4-E42F5805A994}.Release|Win32.Build.0 = Release|Win32
	EndGlobalSection
	GlobalSection(SolutionProperties) = preSolution
		HideSolutionNode = FALSE
	EndGlobalSection
EndGlobal
